
Microsoft Visual Studio Solution File, Format Version 12.00
# Visual Studio Version 16
VisualStudioVersion = 16.0.31729.503
MinimumVisualStudioVersion = 10.0.40219.1
Project("{9A19103F-16F7-4668-BE54-9A1E7A4F7556}") = "MyWebAppProject", "MyWebAppProject\MyWebAppProject.csproj", "{819C7F04-E5DC-4FC7-99C7-6043462EBB55}"
EndProject
Project("{9A19103F-16F7-4668-BE54-9A1E7A4F7556}") = "MyDataAccessLayer", "MyDataAccessLayer\MyDataAccessLayer.csproj", "{3DB13072-11B9-4308-B527-0ECD2424BCDE}"
EndProject
Project("{9A19103F-16F7-4668-BE54-9A1E7A4F7556}") = "MyWebAppProject.UnitTests", "MyWebAppProject.UnitTests\MyWebAppProject.UnitTests.csproj", "{591A4064-B16A-4E00-89CB-E9D9E66574D0}"
EndProject
Project("{FAE04EC0-301F-11D3-BF4B-00C04F79EFBC}") = "TodoApi", "TodoApi\TodoApi.csproj", "{F27968FF-5CF3-41CC-9D56-DDD05B19EFFD}"
EndProject
Global
	GlobalSection(SolutionConfigurationPlatforms) = preSolution
		Debug|Any CPU = Debug|Any CPU
		Release|Any CPU = Release|Any CPU
	EndGlobalSection
	GlobalSection(ProjectConfigurationPlatforms) = postSolution
		{819C7F04-E5DC-4FC7-99C7-6043462EBB55}.Debug|Any CPU.ActiveCfg = Debug|Any CPU
		{819C7F04-E5DC-4FC7-99C7-6043462EBB55}.Debug|Any CPU.Build.0 = Debug|Any CPU
		{819C7F04-E5DC-4FC7-99C7-6043462EBB55}.Release|Any CPU.ActiveCfg = Release|Any CPU
		{819C7F04-E5DC-4FC7-99C7-6043462EBB55}.Release|Any CPU.Build.0 = Release|Any CPU
		{3DB13072-11B9-4308-B527-0ECD2424BCDE}.Debug|Any CPU.ActiveCfg = Debug|Any CPU
		{3DB13072-11B9-4308-B527-0ECD2424BCDE}.Debug|Any CPU.Build.0 = Debug|Any CPU
		{3DB13072-11B9-4308-B527-0ECD2424BCDE}.Release|Any CPU.ActiveCfg = Release|Any CPU
		{3DB13072-11B9-4308-B527-0ECD2424BCDE}.Release|Any CPU.Build.0 = Release|Any CPU
		{591A4064-B16A-4E00-89CB-E9D9E66574D0}.Debug|Any CPU.ActiveCfg = Debug|Any CPU
		{591A4064-B16A-4E00-89CB-E9D9E66574D0}.Debug|Any CPU.Build.0 = Debug|Any CPU
		{591A4064-B16A-4E00-89CB-E9D9E66574D0}.Release|Any CPU.ActiveCfg = Release|Any CPU
		{591A4064-B16A-4E00-89CB-E9D9E66574D0}.Release|Any CPU.Build.0 = Release|Any CPU
		{F27968FF-5CF3-41CC-9D56-DDD05B19EFFD}.Debug|Any CPU.ActiveCfg = Debug|Any CPU
		{F27968FF-5CF3-41CC-9D56-DDD05B19EFFD}.Debug|Any CPU.Build.0 = Debug|Any CPU
		{F27968FF-5CF3-41CC-9D56-DDD05B19EFFD}.Release|Any CPU.ActiveCfg = Release|Any CPU
		{F27968FF-5CF3-41CC-9D56-DDD05B19EFFD}.Release|Any CPU.Build.0 = Release|Any CPU
	EndGlobalSection
	GlobalSection(SolutionProperties) = preSolution
		HideSolutionNode = FALSE
	EndGlobalSection
	GlobalSection(ExtensibilityGlobals) = postSolution
		SolutionGuid = {E6225B91-F01B-4BBC-8088-DD3D1D2E4835}
	EndGlobalSection
EndGlobal
